
Microsoft Visual Studio Solution File, Format Version 12.00
# Visual Studio Version 17
VisualStudioVersion = 17.8.34525.116
MinimumVisualStudioVersion = 10.0.40219.1
Project("{FAE04EC0-301F-11D3-BF4B-00C04F79EFBC}") = "Cluster 5", "Cluster 5\Cluster 5.csproj", "{CC92547F-4215-42C3-BF12-AB96BD66F6C2}"
EndProject
Global
	GlobalSection(SolutionConfigurationPlatforms) = preSolution
		Debug|Any CPU = Debug|Any CPU
		Release|Any CPU = Release|Any CPU
	EndGlobalSection
	GlobalSection(ProjectConfigurationPlatforms) = postSolution
		{CC92547F-4215-42C3-BF12-AB96BD66F6C2}.Debug|Any CPU.ActiveCfg = Debug|Any CPU
		{CC92547F-4215-42C3-BF12-AB96BD66F6C2}.Debug|Any CPU.Build.0 = Debug|Any CPU
		{CC92547F-4215-42C3-BF12-AB96BD66F6C2}.Release|Any CPU.ActiveCfg = Release|Any CPU
		{CC92547F-4215-42C3-BF12-AB96BD66F6C2}.Release|Any CPU.Build.0 = Release|Any CPU
	EndGlobalSection
	GlobalSection(SolutionProperties) = preSolution
		HideSolutionNode = FALSE
	EndGlobalSection
	GlobalSection(ExtensibilityGlobals) = postSolution
		SolutionGuid = {73E43D53-2BA4-4254-81DA-4224B68A12A0}
	EndGlobalSection
EndGlobal
